
Microsoft Visual Studio Solution File, Format Version 12.00
# Visual Studio Version 16
VisualStudioVersion = 16.0.29326.143
MinimumVisualStudioVersion = 10.0.40219.1
Project("{9A19103F-16F7-4668-BE54-9A1E7A4F7556}") = "FinResearch", "FinResearch.csproj", "{1D2926EC-4902-4901-8C4A-284FC9511C54}"
EndProject
Project("{00D1A9C2-B5F0-4AF3-8072-F6C62B433612}") = "Database", "Database\Database.sqlproj", "{C622522B-0C16-4ED5-9C2D-D137FDF4609C}"
EndProject
Global
	GlobalSection(SolutionConfigurationPlatforms) = preSolution
		Debug|Any CPU = Debug|Any CPU
		Release|Any CPU = Release|Any CPU
	EndGlobalSection
	GlobalSection(ProjectConfigurationPlatforms) = postSolution
		{1D2926EC-4902-4901-8C4A-284FC9511C54}.Debug|Any CPU.ActiveCfg = Debug|Any CPU
		{1D2926EC-4902-4901-8C4A-284FC9511C54}.Debug|Any CPU.Build.0 = Debug|Any CPU
		{1D2926EC-4902-4901-8C4A-284FC9511C54}.Release|Any CPU.ActiveCfg = Release|Any CPU
		{1D2926EC-4902-4901-8C4A-284FC9511C54}.Release|Any CPU.Build.0 = Release|Any CPU
		{C622522B-0C16-4ED5-9C2D-D137FDF4609C}.Debug|Any CPU.ActiveCfg = Debug|Any CPU
		{C622522B-0C16-4ED5-9C2D-D137FDF4609C}.Debug|Any CPU.Build.0 = Debug|Any CPU
		{C622522B-0C16-4ED5-9C2D-D137FDF4609C}.Debug|Any CPU.Deploy.0 = Debug|Any CPU
		{C622522B-0C16-4ED5-9C2D-D137FDF4609C}.Release|Any CPU.ActiveCfg = Release|Any CPU
		{C622522B-0C16-4ED5-9C2D-D137FDF4609C}.Release|Any CPU.Build.0 = Release|Any CPU
		{C622522B-0C16-4ED5-9C2D-D137FDF4609C}.Release|Any CPU.Deploy.0 = Release|Any CPU
	EndGlobalSection
	GlobalSection(SolutionProperties) = preSolution
		HideSolutionNode = FALSE
	EndGlobalSection
	GlobalSection(ExtensibilityGlobals) = postSolution
		SolutionGuid = {7F5AACC5-18D7-48EC-BB7C-968F2F64A06D}
	EndGlobalSection
EndGlobal
